# This file was autogenerated by Stack.
# You should not edit this file by hand.
# For more information, please see the documentation at:
#   https://docs.haskellstack.org/en/stable/lock_files

packages:
- completed:
    sha256: a7b386bbc8c580b1683b69ea406cb66416c2a440d6540fe50be6eff8917c0d31
    name: amazonka
    subdir: lib/amazonka
    size: 26670949
    url: https://github.com/brendanhay/amazonka/archive/0ccede621e56fb6f240e4850e205cde82d0e4a4b.tar.gz
    pantry-tree:
      sha256: 2789ec3422222681e81d7c1b9b9f4f1ccf8dc2bf5d6feb2a9fd8fc249556edbc
      size: 827
    version: '2.0'
  original:
    subdir: lib/amazonka
    url: https://github.com/brendanhay/amazonka/archive/0ccede621e56fb6f240e4850e205cde82d0e4a4b.tar.gz
- completed:
    sha256: a7b386bbc8c580b1683b69ea406cb66416c2a440d6540fe50be6eff8917c0d31
    name: amazonka-core
    subdir: lib/amazonka-core
    size: 26670949
    url: https://github.com/brendanhay/amazonka/archive/0ccede621e56fb6f240e4850e205cde82d0e4a4b.tar.gz
    pantry-tree:
      sha256: fb1fbbacb9e710de708c1d43399e70ad7c15c3f1b8b2767a7cae96f4a5fc7039
      size: 3117
    version: '2.0'
  original:
    subdir: lib/amazonka-core
    url: https://github.com/brendanhay/amazonka/archive/0ccede621e56fb6f240e4850e205cde82d0e4a4b.tar.gz
- completed:
    sha256: a7b386bbc8c580b1683b69ea406cb66416c2a440d6540fe50be6eff8917c0d31
    name: amazonka-s3
    subdir: lib/services/amazonka-s3
    size: 26670949
    url: https://github.com/brendanhay/amazonka/archive/0ccede621e56fb6f240e4850e205cde82d0e4a4b.tar.gz
    pantry-tree:
      sha256: 6a643b1cf63b9fc3da9660d1682231dcea4c4157989ef60a414c7ecf67d2f1b0
      size: 37921
    version: '2.0'
  original:
    subdir: lib/services/amazonka-s3
    url: https://github.com/brendanhay/amazonka/archive/0ccede621e56fb6f240e4850e205cde82d0e4a4b.tar.gz
- completed:
    sha256: a7b386bbc8c580b1683b69ea406cb66416c2a440d6540fe50be6eff8917c0d31
    name: amazonka-sts
    subdir: lib/services/amazonka-sts
    size: 26670949
    url: https://github.com/brendanhay/amazonka/archive/0ccede621e56fb6f240e4850e205cde82d0e4a4b.tar.gz
    pantry-tree:
      sha256: cab234646c792a272ac2d7011c34fe06902a466900d953c85ffff4e3faaa1378
      size: 2932
    version: '2.0'
  original:
    subdir: lib/services/amazonka-sts
    url: https://github.com/brendanhay/amazonka/archive/0ccede621e56fb6f240e4850e205cde82d0e4a4b.tar.gz
snapshots:
- completed:
    sha256: ef98d70e4018bf01feb00ccdcd33ab26d056dbb71b38057c78fdd0d1ec671c85
    size: 618740
    url: https://raw.githubusercontent.com/commercialhaskell/stackage-snapshots/master/lts/19/13.yaml
  original: lts-19.13
